
Microsoft Visual Studio Solution File, Format Version 12.00
# 
Project("{FAE04EC0-301F-11D3-BF4B-00C04F79EFBC}") = "src", "src\src.csproj", "{D8ED03F4-04B8-4354-A541-91C6D9CACD7F}"
EndProject
Project("{FAE04EC0-301F-11D3-BF4B-00C04F79EFBC}") = "test", "test\test.csproj", "{8308CEE9-6EF4-4E98-9F9A-8C4B7E306A27}"
EndProject
Global
	GlobalSection(SolutionConfigurationPlatforms) = preSolution
		Debug|Any CPU = Debug|Any CPU
		Release|Any CPU = Release|Any CPU
	EndGlobalSection
	GlobalSection(ProjectConfigurationPlatforms) = postSolution
		{B0844007-9106-4072-A947-01EA7A9A9F01}.Debug|Any CPU.ActiveCfg = Debug|Any CPU
		{B0844007-9106-4072-A947-01EA7A9A9F01}.Debug|Any CPU.Build.0 = Debug|Any CPU
		{B0844007-9106-4072-A947-01EA7A9A9F01}.Release|Any CPU.ActiveCfg = Release|Any CPU
		{B0844007-9106-4072-A947-01EA7A9A9F01}.Release|Any CPU.Build.0 = Release|Any CPU
		{D8ED03F4-04B8-4354-A541-91C6D9CACD7F}.Debug|Any CPU.ActiveCfg = Debug|Any CPU
		{D8ED03F4-04B8-4354-A541-91C6D9CACD7F}.Debug|Any CPU.Build.0 = Debug|Any CPU
		{D8ED03F4-04B8-4354-A541-91C6D9CACD7F}.Release|Any CPU.ActiveCfg = Release|Any CPU
		{D8ED03F4-04B8-4354-A541-91C6D9CACD7F}.Release|Any CPU.Build.0 = Release|Any CPU
		{8308CEE9-6EF4-4E98-9F9A-8C4B7E306A27}.Debug|Any CPU.ActiveCfg = Debug|Any CPU
		{8308CEE9-6EF4-4E98-9F9A-8C4B7E306A27}.Debug|Any CPU.Build.0 = Debug|Any CPU
		{8308CEE9-6EF4-4E98-9F9A-8C4B7E306A27}.Release|Any CPU.ActiveCfg = Release|Any CPU
		{8308CEE9-6EF4-4E98-9F9A-8C4B7E306A27}.Release|Any CPU.Build.0 = Release|Any CPU
	EndGlobalSection
EndGlobal
